// !$*UTF8*$!
{
	archiveVersion = 1;
	classes = {
	};
	objectVersion = 46;
	objects = {

/* Begin PBXBuildFile section */
		E713FFA31A7C737D000C8AA5 /* Cool-iPhone-6-Background-Wall.jpg in Resources */ = {isa = PBXBuildFile; fileRef = E713FFA21A7C737D000C8AA5 /* Cool-iPhone-6-Background-Wall.jpg */; };
		E713FFA51A7C7681000C8AA5 /* Extensions.swift in Sources */ = {isa = PBXBuildFile; fileRef = E713FFA41A7C7681000C8AA5 /* Extensions.swift */; };
		E713FFA71A7C76B6000C8AA5 /* Level.swift in Sources */ = {isa = PBXBuildFile; fileRef = E713FFA61A7C76B6000C8AA5 /* Level.swift */; };
		E713FFA91A7C7989000C8AA5 /* Array2D.swift in Sources */ = {isa = PBXBuildFile; fileRef = E713FFA81A7C7989000C8AA5 /* Array2D.swift */; };
		E713FFAB1A7C79D1000C8AA5 /* Tile.swift in Sources */ = {isa = PBXBuildFile; fileRef = E713FFAA1A7C79D1000C8AA5 /* Tile.swift */; };
		E713FFAD1A7D356E000C8AA5 /* Set.swift in Sources */ = {isa = PBXBuildFile; fileRef = E713FFAC1A7D356E000C8AA5 /* Set.swift */; };
		E713FFB01A7D37CA000C8AA5 /* Level_0.json in Resources */ = {isa = PBXBuildFile; fileRef = E713FFAF1A7D37CA000C8AA5 /* Level_0.json */; };
		E713FFB21A7D38CC000C8AA5 /* Grid.atlas in Resources */ = {isa = PBXBuildFile; fileRef = E713FFB11A7D38CC000C8AA5 /* Grid.atlas */; };
		E713FFB41A7D3912000C8AA5 /* Sprites.atlas in Resources */ = {isa = PBXBuildFile; fileRef = E713FFB31A7D3912000C8AA5 /* Sprites.atlas */; };
		E775CBE41A79F180004CB994 /* AppDelegate.swift in Sources */ = {isa = PBXBuildFile; fileRef = E775CBE31A79F180004CB994 /* AppDelegate.swift */; };
		E775CBE61A79F180004CB994 /* GameScene.sks in Resources */ = {isa = PBXBuildFile; fileRef = E775CBE51A79F180004CB994 /* GameScene.sks */; };
		E775CBE81A79F180004CB994 /* GameScene.swift in Sources */ = {isa = PBXBuildFile; fileRef = E775CBE71A79F180004CB994 /* GameScene.swift */; };
		E775CBEA1A79F180004CB994 /* GameViewController.swift in Sources */ = {isa = PBXBuildFile; fileRef = E775CBE91A79F180004CB994 /* GameViewController.swift */; };
		E775CBED1A79F180004CB994 /* Main.storyboard in Resources */ = {isa = PBXBuildFile; fileRef = E775CBEB1A79F180004CB994 /* Main.storyboard */; };
		E775CBEF1A79F180004CB994 /* Images.xcassets in Resources */ = {isa = PBXBuildFile; fileRef = E775CBEE1A79F180004CB994 /* Images.xcassets */; };
		E775CBF21A79F180004CB994 /* LaunchScreen.xib in Resources */ = {isa = PBXBuildFile; fileRef = E775CBF01A79F180004CB994 /* LaunchScreen.xib */; };
		E775CBFE1A79F180004CB994 /* MindFlipTests.swift in Sources */ = {isa = PBXBuildFile; fileRef = E775CBFD1A79F180004CB994 /* MindFlipTests.swift */; };
/* End PBXBuildFile section */

/* Begin PBXContainerItemProxy section */
		E775CBF81A79F180004CB994 /* PBXContainerItemProxy */ = {
			isa = PBXContainerItemProxy;
			containerPortal = E775CBD61A79F180004CB994 /* Project object */;
			proxyType = 1;
			remoteGlobalIDString = E775CBDD1A79F180004CB994;
			remoteInfo = MindFlip;
		};
/* End PBXContainerItemProxy section */

/* Begin PBXFileReference section */
		E713FFA21A7C737D000C8AA5 /* Cool-iPhone-6-Background-Wall.jpg */ = {isa = PBXFileReference; lastKnownFileType = image.jpeg; path = "Cool-iPhone-6-Background-Wall.jpg"; sourceTree = "<group>"; };
		E713FFA41A7C7681000C8AA5 /* Extensions.swift */ = {isa = PBXFileReference; fileEncoding = 4; lastKnownFileType = sourcecode.swift; path = Extensions.swift; sourceTree = "<group>"; };
		E713FFA61A7C76B6000C8AA5 /* Level.swift */ = {isa = PBXFileReference; fileEncoding = 4; lastKnownFileType = sourcecode.swift; path = Level.swift; sourceTree = "<group>"; };
		E713FFA81A7C7989000C8AA5 /* Array2D.swift */ = {isa = PBXFileReference; fileEncoding = 4; lastKnownFileType = sourcecode.swift; path = Array2D.swift; sourceTree = "<group>"; };
		E713FFAA1A7C79D1000C8AA5 /* Tile.swift */ = {isa = PBXFileReference; fileEncoding = 4; lastKnownFileType = sourcecode.swift; path = Tile.swift; sourceTree = "<group>"; };
		E713FFAC1A7D356E000C8AA5 /* Set.swift */ = {isa = PBXFileReference; fileEncoding = 4; lastKnownFileType = sourcecode.swift; path = Set.swift; sourceTree = "<group>"; };
		E713FFAF1A7D37CA000C8AA5 /* Level_0.json */ = {isa = PBXFileReference; fileEncoding = 4; lastKnownFileType = text.json; path = Level_0.json; sourceTree = "<group>"; };
		E713FFB11A7D38CC000C8AA5 /* Grid.atlas */ = {isa = PBXFileReference; lastKnownFileType = folder.skatlas; path = Grid.atlas; sourceTree = "<group>"; };
		E713FFB31A7D3912000C8AA5 /* Sprites.atlas */ = {isa = PBXFileReference; lastKnownFileType = folder.skatlas; path = Sprites.atlas; sourceTree = "<group>"; };
		E775CBDE1A79F180004CB994 /* MindFlip.app */ = {isa = PBXFileReference; explicitFileType = wrapper.application; includeInIndex = 0; path = MindFlip.app; sourceTree = BUILT_PRODUCTS_DIR; };
		E775CBE21A79F180004CB994 /* Info.plist */ = {isa = PBXFileReference; lastKnownFileType = text.plist.xml; path = Info.plist; sourceTree = "<group>"; };
		E775CBE31A79F180004CB994 /* AppDelegate.swift */ = {isa = PBXFileReference; lastKnownFileType = sourcecode.swift; path = AppDelegate.swift; sourceTree = "<group>"; };
		E775CBE51A79F180004CB994 /* GameScene.sks */ = {isa = PBXFileReference; lastKnownFileType = file.sks; path = GameScene.sks; sourceTree = "<group>"; };
		E775CBE71A79F180004CB994 /* GameScene.swift */ = {isa = PBXFileReference; lastKnownFileType = sourcecode.swift; path = GameScene.swift; sourceTree = "<group>"; };
		E775CBE91A79F180004CB994 /* GameViewController.swift */ = {isa = PBXFileReference; lastKnownFileType = sourcecode.swift; path = GameViewController.swift; sourceTree = "<group>"; };
		E775CBEC1A79F180004CB994 /* Base */ = {isa = PBXFileReference; lastKnownFileType = file.storyboard; name = Base; path = Base.lproj/Main.storyboard; sourceTree = "<group>"; };
		E775CBEE1A79F180004CB994 /* Images.xcassets */ = {isa = PBXFileReference; lastKnownFileType = folder.assetcatalog; path = Images.xcassets; sourceTree = "<group>"; };
		E775CBF11A79F180004CB994 /* Base */ = {isa = PBXFileReference; lastKnownFileType = file.xib; name = Base; path = Base.lproj/LaunchScreen.xib; sourceTree = "<group>"; };
		E775CBF71A79F180004CB994 /* MindFlipTests.xctest */ = {isa = PBXFileReference; explicitFileType = wrapper.cfbundle; includeInIndex = 0; path = MindFlipTests.xctest; sourceTree = BUILT_PRODUCTS_DIR; };
		E775CBFC1A79F180004CB994 /* Info.plist */ = {isa = PBXFileReference; lastKnownFileType = text.plist.xml; path = Info.plist; sourceTree = "<group>"; };
		E775CBFD1A79F180004CB994 /* MindFlipTests.swift */ = {isa = PBXFileReference; lastKnownFileType = sourcecode.swift; path = MindFlipTests.swift; sourceTree = "<group>"; };
/* End PBXFileReference section */

/* Begin PBXFrameworksBuildPhase section */
		E775CBDB1A79F180004CB994 /* Frameworks */ = {
			isa = PBXFrameworksBuildPhase;
			buildActionMask = 2147483647;
			files = (
			);
			runOnlyForDeploymentPostprocessing = 0;
		};
		E775CBF41A79F180004CB994 /* Frameworks */ = {
			isa = PBXFrameworksBuildPhase;
			buildActionMask = 2147483647;
			files = (
			);
			runOnlyForDeploymentPostprocessing = 0;
		};
/* End PBXFrameworksBuildPhase section */

/* Begin PBXGroup section */
		E713FFAE1A7D36F4000C8AA5 /* Levels */ = {
			isa = PBXGroup;
			children = (
				E713FFAF1A7D37CA000C8AA5 /* Level_0.json */,
			);
			name = Levels;
			sourceTree = "<group>";
		};
		E775CBD51A79F17F004CB994 = {
			isa = PBXGroup;
			children = (
				E775CBE01A79F180004CB994 /* MindFlip */,
				E775CBFA1A79F180004CB994 /* MindFlipTests */,
				E775CBDF1A79F180004CB994 /* Products */,
			);
			sourceTree = "<group>";
		};
		E775CBDF1A79F180004CB994 /* Products */ = {
			isa = PBXGroup;
			children = (
				E775CBDE1A79F180004CB994 /* MindFlip.app */,
				E775CBF71A79F180004CB994 /* MindFlipTests.xctest */,
			);
			name = Products;
			sourceTree = "<group>";
		};
		E775CBE01A79F180004CB994 /* MindFlip */ = {
			isa = PBXGroup;
			children = (
				E713FFAE1A7D36F4000C8AA5 /* Levels */,
				E775CBE31A79F180004CB994 /* AppDelegate.swift */,
				E775CBE51A79F180004CB994 /* GameScene.sks */,
				E775CBE71A79F180004CB994 /* GameScene.swift */,
				E713FFA41A7C7681000C8AA5 /* Extensions.swift */,
				E713FFA61A7C76B6000C8AA5 /* Level.swift */,
				E713FFAC1A7D356E000C8AA5 /* Set.swift */,
				E713FFAA1A7C79D1000C8AA5 /* Tile.swift */,
				E713FFA81A7C7989000C8AA5 /* Array2D.swift */,
				E775CBE91A79F180004CB994 /* GameViewController.swift */,
				E775CBEB1A79F180004CB994 /* Main.storyboard */,
				E713FFB31A7D3912000C8AA5 /* Sprites.atlas */,
				E713FFB11A7D38CC000C8AA5 /* Grid.atlas */,
				E775CBEE1A79F180004CB994 /* Images.xcassets */,
				E713FFA21A7C737D000C8AA5 /* Cool-iPhone-6-Background-Wall.jpg */,
				E775CBF01A79F180004CB994 /* LaunchScreen.xib */,
				E775CBE11A79F180004CB994 /* Supporting Files */,
			);
			path = MindFlip;
			sourceTree = "<group>";
		};
		E775CBE11A79F180004CB994 /* Supporting Files */ = {
			isa = PBXGroup;
			children = (
				E775CBE21A79F180004CB994 /* Info.plist */,
			);
			name = "Supporting Files";
			sourceTree = "<group>";
		};
		E775CBFA1A79F180004CB994 /* MindFlipTests */ = {
			isa = PBXGroup;
			children = (
				E775CBFD1A79F180004CB994 /* MindFlipTests.swift */,
				E775CBFB1A79F180004CB994 /* Supporting Files */,
			);
			path = MindFlipTests;
			sourceTree = "<group>";
		};
		E775CBFB1A79F180004CB994 /* Supporting Files */ = {
			isa = PBXGroup;
			children = (
				E775CBFC1A79F180004CB994 /* Info.plist */,
			);
			name = "Supporting Files";
			sourceTree = "<group>";
		};
/* End PBXGroup section */

/* Begin PBXNativeTarget section */
		E775CBDD1A79F180004CB994 /* MindFlip */ = {
			isa = PBXNativeTarget;
			buildConfigurationList = E775CC011A79F180004CB994 /* Build configuration list for PBXNativeTarget "MindFlip" */;
			buildPhases = (
				E775CBDA1A79F180004CB994 /* Sources */,
				E775CBDB1A79F180004CB994 /* Frameworks */,
				E775CBDC1A79F180004CB994 /* Resources */,
			);
			buildRules = (
			);
			dependencies = (
			);
			name = MindFlip;
			productName = MindFlip;
			productReference = E775CBDE1A79F180004CB994 /* MindFlip.app */;
			productType = "com.apple.product-type.application";
		};
		E775CBF61A79F180004CB994 /* MindFlipTests */ = {
			isa = PBXNativeTarget;
			buildConfigurationList = E775CC041A79F180004CB994 /* Build configuration list for PBXNativeTarget "MindFlipTests" */;
			buildPhases = (
				E775CBF31A79F180004CB994 /* Sources */,
				E775CBF41A79F180004CB994 /* Frameworks */,
				E775CBF51A79F180004CB994 /* Resources */,
			);
			buildRules = (
			);
			dependencies = (
				E775CBF91A79F180004CB994 /* PBXTargetDependency */,
			);
			name = MindFlipTests;
			productName = MindFlipTests;
			productReference = E775CBF71A79F180004CB994 /* MindFlipTests.xctest */;
			productType = "com.apple.product-type.bundle.unit-test";
		};
/* End PBXNativeTarget section */

/* Begin PBXProject section */
		E775CBD61A79F180004CB994 /* Project object */ = {
			isa = PBXProject;
			attributes = {
				LastUpgradeCheck = 0610;
				ORGANIZATIONNAME = fsa;
				TargetAttributes = {
					E775CBDD1A79F180004CB994 = {
						CreatedOnToolsVersion = 6.1.1;
					};
					E775CBF61A79F180004CB994 = {
						CreatedOnToolsVersion = 6.1.1;
						TestTargetID = E775CBDD1A79F180004CB994;
					};
				};
			};
			buildConfigurationList = E775CBD91A79F180004CB994 /* Build configuration list for PBXProject "MindFlip" */;
			compatibilityVersion = "Xcode 3.2";
			developmentRegion = English;
			hasScannedForEncodings = 0;
			knownRegions = (
				en,
				Base,
			);
			mainGroup = E775CBD51A79F17F004CB994;
			productRefGroup = E775CBDF1A79F180004CB994 /* Products */;
			projectDirPath = "";
			projectRoot = "";
			targets = (
				E775CBDD1A79F180004CB994 /* MindFlip */,
				E775CBF61A79F180004CB994 /* MindFlipTests */,
			);
		};
/* End PBXProject section */

/* Begin PBXResourcesBuildPhase section */
		E775CBDC1A79F180004CB994 /* Resources */ = {
			isa = PBXResourcesBuildPhase;
			buildActionMask = 2147483647;
			files = (
				E775CBF21A79F180004CB994 /* LaunchScreen.xib in Resources */,
				E713FFB01A7D37CA000C8AA5 /* Level_0.json in Resources */,
				E713FFB41A7D3912000C8AA5 /* Sprites.atlas in Resources */,
				E775CBEF1A79F180004CB994 /* Images.xcassets in Resources */,
				E713FFA31A7C737D000C8AA5 /* Cool-iPhone-6-Background-Wall.jpg in Resources */,
				E713FFB21A7D38CC000C8AA5 /* Grid.atlas in Resources */,
				E775CBE61A79F180004CB994 /* GameScene.sks in Resources */,
				E775CBED1A79F180004CB994 /* Main.storyboard in Resources */,
			);
			runOnlyForDeploymentPostprocessing = 0;
		};
		E775CBF51A79F180004CB994 /* Resources */ = {
			isa = PBXResourcesBuildPhase;
			buildActionMask = 2147483647;
			files = (
			);
			runOnlyForDeploymentPostprocessing = 0;
		};
/* End PBXResourcesBuildPhase section */

/* Begin PBXSourcesBuildPhase section */
		E775CBDA1A79F180004CB994 /* Sources */ = {
			isa = PBXSourcesBuildPhase;
			buildActionMask = 2147483647;
			files = (
				E713FFAD1A7D356E000C8AA5 /* Set.swift in Sources */,
				E775CBE81A79F180004CB994 /* GameScene.swift in Sources */,
				E713FFA91A7C7989000C8AA5 /* Array2D.swift in Sources */,
				E775CBEA1A79F180004CB994 /* GameViewController.swift in Sources */,
				E713FFAB1A7C79D1000C8AA5 /* Tile.swift in Sources */,
				E775CBE41A79F180004CB994 /* AppDelegate.swift in Sources */,
				E713FFA71A7C76B6000C8AA5 /* Level.swift in Sources */,
				E713FFA51A7C7681000C8AA5 /* Extensions.swift in Sources */,
			);
			runOnlyForDeploymentPostprocessing = 0;
		};
		E775CBF31A79F180004CB994 /* Sources */ = {
			isa = PBXSourcesBuildPhase;
			buildActionMask = 2147483647;
			files = (
				E775CBFE1A79F180004CB994 /* MindFlipTests.swift in Sources */,
			);
			runOnlyForDeploymentPostprocessing = 0;
		};
/* End PBXSourcesBuildPhase section */

/* Begin PBXTargetDependency section */
		E775CBF91A79F180004CB994 /* PBXTargetDependency */ = {
			isa = PBXTargetDependency;
			target = E775CBDD1A79F180004CB994 /* MindFlip */;
			targetProxy = E775CBF81A79F180004CB994 /* PBXContainerItemProxy */;
		};
/* End PBXTargetDependency section */

/* Begin PBXVariantGroup section */
		E775CBEB1A79F180004CB994 /* Main.storyboard */ = {
			isa = PBXVariantGroup;
			children = (
				E775CBEC1A79F180004CB994 /* Base */,
			);
			name = Main.storyboard;
			sourceTree = "<group>";
		};
		E775CBF01A79F180004CB994 /* LaunchScreen.xib */ = {
			isa = PBXVariantGroup;
			children = (
				E775CBF11A79F180004CB994 /* Base */,
			);
			name = LaunchScreen.xib;
			sourceTree = "<group>";
		};
/* End PBXVariantGroup section */

/* Begin XCBuildConfiguration section */
		E775CBFF1A79F180004CB994 /* Debug */ = {
			isa = XCBuildConfiguration;
			buildSettings = {
				ALWAYS_SEARCH_USER_PATHS = NO;
				CLANG_CXX_LANGUAGE_STANDARD = "gnu++0x";
				CLANG_CXX_LIBRARY = "libc++";
				CLANG_ENABLE_MODULES = YES;
				CLANG_ENABLE_OBJC_ARC = YES;
				CLANG_WARN_BOOL_CONVERSION = YES;
				CLANG_WARN_CONSTANT_CONVERSION = YES;
				CLANG_WARN_DIRECT_OBJC_ISA_USAGE = YES_ERROR;
				CLANG_WARN_EMPTY_BODY = YES;
				CLANG_WARN_ENUM_CONVERSION = YES;
				CLANG_WARN_INT_CONVERSION = YES;
				CLANG_WARN_OBJC_ROOT_CLASS = YES_ERROR;
				CLANG_WARN_UNREACHABLE_CODE = YES;
				CLANG_WARN__DUPLICATE_METHOD_MATCH = YES;
				"CODE_SIGN_IDENTITY[sdk=iphoneos*]" = "iPhone Developer";
				COPY_PHASE_STRIP = NO;
				ENABLE_STRICT_OBJC_MSGSEND = YES;
				GCC_C_LANGUAGE_STANDARD = gnu99;
				GCC_DYNAMIC_NO_PIC = NO;
				GCC_OPTIMIZATION_LEVEL = 0;
				GCC_PREPROCESSOR_DEFINITIONS = (
					"DEBUG=1",
					"$(inherited)",
				);
				GCC_SYMBOLS_PRIVATE_EXTERN = NO;
				GCC_WARN_64_TO_32_BIT_CONVERSION = YES;
				GCC_WARN_ABOUT_RETURN_TYPE = YES_ERROR;
				GCC_WARN_UNDECLARED_SELECTOR = YES;
				GCC_WARN_UNINITIALIZED_AUTOS = YES_AGGRESSIVE;
				GCC_WARN_UNUSED_FUNCTION = YES;
				GCC_WARN_UNUSED_VARIABLE = YES;
				IPHONEOS_DEPLOYMENT_TARGET = 8.1;
				MTL_ENABLE_DEBUG_INFO = YES;
				ONLY_ACTIVE_ARCH = YES;
				SDKROOT = iphoneos;
				SWIFT_OPTIMIZATION_LEVEL = "-Onone";
			};
			name = Debug;
		};
		E775CC001A79F180004CB994 /* Release */ = {
			isa = XCBuildConfiguration;
			buildSettings = {
				ALWAYS_SEARCH_USER_PATHS = NO;
				CLANG_CXX_LANGUAGE_STANDARD = "gnu++0x";
				CLANG_CXX_LIBRARY = "libc++";
				CLANG_ENABLE_MODULES = YES;
				CLANG_ENABLE_OBJC_ARC = YES;
				CLANG_WARN_BOOL_CONVERSION = YES;
				CLANG_WARN_CONSTANT_CONVERSION = YES;
				CLANG_WARN_DIRECT_OBJC_ISA_USAGE = YES_ERROR;
				CLANG_WARN_EMPTY_BODY = YES;
				CLANG_WARN_ENUM_CONVERSION = YES;
				CLANG_WARN_INT_CONVERSION = YES;
				CLANG_WARN_OBJC_ROOT_CLASS = YES_ERROR;
				CLANG_WARN_UNREACHABLE_CODE = YES;
				CLANG_WARN__DUPLICATE_METHOD_MATCH = YES;
				"CODE_SIGN_IDENTITY[sdk=iphoneos*]" = "iPhone Developer";
				COPY_PHASE_STRIP = YES;
				ENABLE_NS_ASSERTIONS = NO;
				ENABLE_STRICT_OBJC_MSGSEND = YES;
				GCC_C_LANGUAGE_STANDARD = gnu99;
				GCC_WARN_64_TO_32_BIT_CONVERSION = YES;
				GCC_WARN_ABOUT_RETURN_TYPE = YES_ERROR;
				GCC_WARN_UNDECLARED_SELECTOR = YES;
				GCC_WARN_UNINITIALIZED_AUTOS = YES_AGGRESSIVE;
				GCC_WARN_UNUSED_FUNCTION = YES;
				GCC_WARN_UNUSED_VARIABLE = YES;
				IPHONEOS_DEPLOYMENT_TARGET = 8.1;
				MTL_ENABLE_DEBUG_INFO = NO;
				SDKROOT = iphoneos;
				VALIDATE_PRODUCT = YES;
			};
			name = Release;
		};
		E775CC021A79F180004CB994 /* Debug */ = {
			isa = XCBuildConfiguration;
			buildSettings = {
				ASSETCATALOG_COMPILER_APPICON_NAME = AppIcon;
				INFOPLIST_FILE = MindFlip/Info.plist;
				LD_RUNPATH_SEARCH_PATHS = "$(inherited) @executable_path/Frameworks";
				PRODUCT_NAME = "$(TARGET_NAME)";
			};
			name = Debug;
		};
		E775CC031A79F180004CB994 /* Release */ = {
			isa = XCBuildConfiguration;
			buildSettings = {
				ASSETCATALOG_COMPILER_APPICON_NAME = AppIcon;
				INFOPLIST_FILE = MindFlip/Info.plist;
				LD_RUNPATH_SEARCH_PATHS = "$(inherited) @executable_path/Frameworks";
				PRODUCT_NAME = "$(TARGET_NAME)";
			};
			name = Release;
		};
		E775CC051A79F180004CB994 /* Debug */ = {
			isa = XCBuildConfiguration;
			buildSettings = {
				BUNDLE_LOADER = "$(TEST_HOST)";
				FRAMEWORK_SEARCH_PATHS = (
					"$(SDKROOT)/Developer/Library/Frameworks",
					"$(inherited)",
				);
				GCC_PREPROCESSOR_DEFINITIONS = (
					"DEBUG=1",
					"$(inherited)",
				);
				INFOPLIST_FILE = MindFlipTests/Info.plist;
				LD_RUNPATH_SEARCH_PATHS = "$(inherited) @executable_path/Frameworks @loader_path/Frameworks";
				PRODUCT_NAME = "$(TARGET_NAME)";
				TEST_HOST = "$(BUILT_PRODUCTS_DIR)/MindFlip.app/MindFlip";
			};
			name = Debug;
		};
		E775CC061A79F180004CB994 /* Release */ = {
			isa = XCBuildConfiguration;
			buildSettings = {
				BUNDLE_LOADER = "$(TEST_HOST)";
				FRAMEWORK_SEARCH_PATHS = (
					"$(SDKROOT)/Developer/Library/Frameworks",
					"$(inherited)",
				);
				INFOPLIST_FILE = MindFlipTests/Info.plist;
				LD_RUNPATH_SEARCH_PATHS = "$(inherited) @executable_path/Frameworks @loader_path/Frameworks";
				PRODUCT_NAME = "$(TARGET_NAME)";
				TEST_HOST = "$(BUILT_PRODUCTS_DIR)/MindFlip.app/MindFlip";
			};
			name = Release;
		};
/* End XCBuildConfiguration section */

/* Begin XCConfigurationList section */
		E775CBD91A79F180004CB994 /* Build configuration list for PBXProject "MindFlip" */ = {
			isa = XCConfigurationList;
			buildConfigurations = (
				E775CBFF1A79F180004CB994 /* Debug */,
				E775CC001A79F180004CB994 /* Release */,
			);
			defaultConfigurationIsVisible = 0;
			defaultConfigurationName = Release;
		};
		E775CC011A79F180004CB994 /* Build configuration list for PBXNativeTarget "MindFlip" */ = {
			isa = XCConfigurationList;
			buildConfigurations = (
				E775CC021A79F180004CB994 /* Debug */,
				E775CC031A79F180004CB994 /* Release */,
			);
			defaultConfigurationIsVisible = 0;
			defaultConfigurationName = Release;
		};
		E775CC041A79F180004CB994 /* Build configuration list for PBXNativeTarget "MindFlipTests" */ = {
			isa = XCConfigurationList;
			buildConfigurations = (
				E775CC051A79F180004CB994 /* Debug */,
				E775CC061A79F180004CB994 /* Release */,
			);
			defaultConfigurationIsVisible = 0;
			defaultConfigurationName = Release;
		};
/* End XCConfigurationList section */
	};
	rootObject = E775CBD61A79F180004CB994 /* Project object */;
}
